
Microsoft Visual Studio Solution File, Format Version 12.00
# Visual Studio 15
VisualStudioVersion = 15.0.28307.106
MinimumVisualStudioVersion = 10.0.40219.1
Project("{FAE04EC0-301F-11D3-BF4B-00C04F79EFBC}") = "Web", "Web\Web.csproj", "{76136FB8-C1F3-4DC2-9458-B08EFECB1A90}"
EndProject
Project("{FAE04EC0-301F-11D3-BF4B-00C04F79EFBC}") = "Tests", "Tests\Tests.csproj", "{4F7C650F-6EFC-4BF8-99B2-B08C3D20A512}"
EndProject
Global
	GlobalSection(SolutionConfigurationPlatforms) = preSolution
		Debug|Any CPU = Debug|Any CPU
		Release|Any CPU = Release|Any CPU
	EndGlobalSection
	GlobalSection(ProjectConfigurationPlatforms) = postSolution
		{76136FB8-C1F3-4DC2-9458-B08EFECB1A90}.Debug|Any CPU.ActiveCfg = Debug|Any CPU
		{76136FB8-C1F3-4DC2-9458-B08EFECB1A90}.Debug|Any CPU.Build.0 = Debug|Any CPU
		{76136FB8-C1F3-4DC2-9458-B08EFECB1A90}.Release|Any CPU.ActiveCfg = Release|Any CPU
		{76136FB8-C1F3-4DC2-9458-B08EFECB1A90}.Release|Any CPU.Build.0 = Release|Any CPU
		{4F7C650F-6EFC-4BF8-99B2-B08C3D20A512}.Debug|Any CPU.ActiveCfg = Debug|Any CPU
		{4F7C650F-6EFC-4BF8-99B2-B08C3D20A512}.Debug|Any CPU.Build.0 = Debug|Any CPU
		{4F7C650F-6EFC-4BF8-99B2-B08C3D20A512}.Release|Any CPU.ActiveCfg = Release|Any CPU
		{4F7C650F-6EFC-4BF8-99B2-B08C3D20A512}.Release|Any CPU.Build.0 = Release|Any CPU
	EndGlobalSection
	GlobalSection(SolutionProperties) = preSolution
		HideSolutionNode = FALSE
	EndGlobalSection
	GlobalSection(ExtensibilityGlobals) = postSolution
		SolutionGuid = {07508E0E-0452-4D4C-91A1-93B8DF09210C}
	EndGlobalSection
EndGlobal
